# THIS IS AN AUTOGENERATED FILE. DO NOT EDIT THIS FILE DIRECTLY.
# yarn lockfile v1


"@babel/runtime@7.0.0-rc.1":
  version "7.0.0-rc.1"
  resolved "https://registry.yarnpkg.com/@babel/runtime/-/runtime-7.0.0-rc.1.tgz#42f36fc5817911c89ea75da2b874054922967616"
  integrity sha512-Nifv2kwP/nwR39cAOasNxzjYfpeuf/ZbZNtQz5eYxWTC9yHARU9wItFnAwz1GTZ62MU+AtSjzZPMbLK5Q9hmbg==
  dependencies:
    regenerator-runtime "^0.12.0"

"@types/autobind-decorator@^2.1.0":
  version "2.1.0"
  resolved "https://registry.yarnpkg.com/@types/autobind-decorator/-/autobind-decorator-2.1.0.tgz#f8ffd384c1080635a1575b30db2220ac40b0d3dc"
  integrity sha512-OOS4XPWJEs3MSuya0wy2om9T//PIapkyXdkCqf1t9Rlh3yDs2/wSj6LdmHNWX9ZtxR+DoOcMnWb7LQrkJFT2uQ==
  dependencies:
    autobind-decorator "*"

"@types/node@^10.11.4":
  version "10.11.4"
  resolved "https://registry.yarnpkg.com/@types/node/-/node-10.11.4.tgz#e8bd933c3f78795d580ae41d86590bfc1f4f389d"
  integrity sha512-ojnbBiKkZFYRfQpmtnnWTMw+rzGp/JiystjluW9jgN3VzRwilXddJ6aGQ9V/7iuDG06SBgn7ozW9k3zcAnYjYQ==

autobind-decorator@*, autobind-decorator@^2.1.0:
  version "2.1.0"
  resolved "https://registry.yarnpkg.com/autobind-decorator/-/autobind-decorator-2.1.0.tgz#4451240dbfeff46361c506575a63ed40f0e5bc68"
  integrity sha512-bgyxeRi1R2Q8kWpHsb1c+lXCulbIAHsyZRddaS+agAUX3hFUVZMociwvRgeZi1zWvfqEEjybSv4zxWvFV8ydQQ==

lodash.difference@^4.5.0:
  version "4.5.0"
  resolved "https://registry.yarnpkg.com/lodash.difference/-/lodash.difference-4.5.0.tgz#9ccb4e505d486b91651345772885a2df27fd017c"
  integrity sha1-nMtOUF1Ia5FlE0V3KIWi3yf9AXw=

lodash.intersection@^4.4.0:
  version "4.4.0"
  resolved "https://registry.yarnpkg.com/lodash.intersection/-/lodash.intersection-4.4.0.tgz#0a11ba631d0e95c23c7f2f4cbb9a692ed178e705"
  integrity sha1-ChG6Yx0OlcI8fy9Mu5ppLtF45wU=

mobx-decorators@^5.0.2:
  version "5.0.2"
  resolved "https://registry.yarnpkg.com/mobx-decorators/-/mobx-decorators-5.0.2.tgz#5d501793c368b5eebd24b43154185e72b29e461c"
  integrity sha512-cSmQBKrLS4IA724cUZUWxNZZNLd6NbI0MNpo27Hwk3u8rU9W+UHV/qJ4MQxSCP7MspUUXRjDyoYTlwXbYBYKbg==
  dependencies:
    "@babel/runtime" "7.0.0-rc.1"
    lodash.difference "^4.5.0"
    lodash.intersection "^4.4.0"

mobx@^5.5.0:
  version "5.5.0"
  resolved "https://registry.yarnpkg.com/mobx/-/mobx-5.5.0.tgz#a29f6a7526eed28edcd3f0e921a1edaa8bb22575"
  integrity sha512-rD0Hsv9XtjS6axavvPX/XzWTeICRiH3bLR1L+MrJ7HOlx1hmSdWNzu8rQQ+1IkTiyJechRyGzs2tUgLRmEofJg==

regenerator-runtime@^0.12.0:
  version "0.12.1"
  resolved "https://registry.yarnpkg.com/regenerator-runtime/-/regenerator-runtime-0.12.1.tgz#fa1a71544764c036f8c49b13a08b2594c9f8a0de"
  integrity sha512-odxIc1/vDlo4iZcfXqRYFj0vpXFNoGdKMAUieAlFYO6m/nl5e9KR/beGf41z4a1FI+aQgtjhuaSlDxQ0hmkrHg==

typescript@^3.1.1:
  version "3.1.1"
  resolved "https://registry.yarnpkg.com/typescript/-/typescript-3.1.1.tgz#3362ba9dd1e482ebb2355b02dfe8bcd19a2c7c96"
  integrity sha512-Veu0w4dTc/9wlWNf2jeRInNodKlcdLgemvPsrNpfu5Pq39sgfFjvIIgTsvUHCoLBnMhPoUA+tFxsXjU6VexVRQ==
